// !$*UTF8*$!
{
	archiveVersion = 1;
	classes = {
	};
	objectVersion = 56;
	objects = {

/* Begin PBXBuildFile section */
		CF2024822C0205050079D690 /* NewsAppApp.swift in Sources */ = {isa = PBXBuildFile; fileRef = CF2024812C0205050079D690 /* NewsAppApp.swift */; };
		CF2024862C0205060079D690 /* Assets.xcassets in Resources */ = {isa = PBXBuildFile; fileRef = CF2024852C0205060079D690 /* Assets.xcassets */; };
		CF2024892C0205060079D690 /* Preview Assets.xcassets in Resources */ = {isa = PBXBuildFile; fileRef = CF2024882C0205060079D690 /* Preview Assets.xcassets */; };
		CF2024932C0205060079D690 /* NewsAppTests.swift in Sources */ = {isa = PBXBuildFile; fileRef = CF2024922C0205060079D690 /* NewsAppTests.swift */; };
		CF20249D2C0205060079D690 /* NewsAppUITests.swift in Sources */ = {isa = PBXBuildFile; fileRef = CF20249C2C0205060079D690 /* NewsAppUITests.swift */; };
		CF20249F2C0205060079D690 /* NewsAppUITestsLaunchTests.swift in Sources */ = {isa = PBXBuildFile; fileRef = CF20249E2C0205060079D690 /* NewsAppUITestsLaunchTests.swift */; };
		CF2024AD2C0205870079D690 /* HomeView.swift in Sources */ = {isa = PBXBuildFile; fileRef = CF2024AC2C0205870079D690 /* HomeView.swift */; };
		CF2024B02C0207AE0079D690 /* NewsResponse.swift in Sources */ = {isa = PBXBuildFile; fileRef = CF2024AF2C0207AE0079D690 /* NewsResponse.swift */; };
		CF2024B32C020C900079D690 /* NewsEndpoint.swift in Sources */ = {isa = PBXBuildFile; fileRef = CF2024B22C020C900079D690 /* NewsEndpoint.swift */; };
		CF2024B62C020DFE0079D690 /* APIError.swift in Sources */ = {isa = PBXBuildFile; fileRef = CF2024B52C020DFE0079D690 /* APIError.swift */; };
		CF2024B92C020F330079D690 /* NewsService.swift in Sources */ = {isa = PBXBuildFile; fileRef = CF2024B82C020F330079D690 /* NewsService.swift */; };
		CF2024BC2C02189D0079D690 /* ResultState.swift in Sources */ = {isa = PBXBuildFile; fileRef = CF2024BB2C02189D0079D690 /* ResultState.swift */; };
		CF2024BF2C02193B0079D690 /* NewsViewModel.swift in Sources */ = {isa = PBXBuildFile; fileRef = CF2024BE2C02193B0079D690 /* NewsViewModel.swift */; };
		CF2024C22C021F790079D690 /* URLImage in Frameworks */ = {isa = PBXBuildFile; productRef = CF2024C12C021F790079D690 /* URLImage */; };
		CF2024C42C021F790079D690 /* URLImageStore in Frameworks */ = {isa = PBXBuildFile; productRef = CF2024C32C021F790079D690 /* URLImageStore */; };
		CF2024C62C021F990079D690 /* ArticleView.swift in Sources */ = {isa = PBXBuildFile; fileRef = CF2024C52C021F990079D690 /* ArticleView.swift */; };
		CF552BF82C0396E200B309C0 /* User.swift in Sources */ = {isa = PBXBuildFile; fileRef = CF552BF72C0396E200B309C0 /* User.swift */; };
		CF552BFA2C03A1CA00B309C0 /* LoginView.swift in Sources */ = {isa = PBXBuildFile; fileRef = CF552BF92C03A1CA00B309C0 /* LoginView.swift */; };
		CF552BFC2C03A1D800B309C0 /* AuthView.swift in Sources */ = {isa = PBXBuildFile; fileRef = CF552BFB2C03A1D800B309C0 /* AuthView.swift */; };
		CFA8B0512C0254140040BCB8 /* ErrorView.swift in Sources */ = {isa = PBXBuildFile; fileRef = CFA8B0502C0254140040BCB8 /* ErrorView.swift */; };
		CFA8B0532C02551A0040BCB8 /* SettingsView.swift in Sources */ = {isa = PBXBuildFile; fileRef = CFA8B0522C02551A0040BCB8 /* SettingsView.swift */; };
		CFA8B0552C02552F0040BCB8 /* FeedView.swift in Sources */ = {isa = PBXBuildFile; fileRef = CFA8B0542C02552F0040BCB8 /* FeedView.swift */; };
		CFD05A8B2C027796003795CC /* Theme.swift in Sources */ = {isa = PBXBuildFile; fileRef = CFD05A8A2C027796003795CC /* Theme.swift */; };
		CFD05A8D2C027B85003795CC /* FavouritesView.swift in Sources */ = {isa = PBXBuildFile; fileRef = CFD05A8C2C027B85003795CC /* FavouritesView.swift */; };
		CFD8EF7E2C0333E60028EE1C /* DBManager.swift in Sources */ = {isa = PBXBuildFile; fileRef = CFD8EF7D2C0333E60028EE1C /* DBManager.swift */; };
		CFD8EF812C0363160028EE1C /* FavouritesViewModel.swift in Sources */ = {isa = PBXBuildFile; fileRef = CFD8EF802C0363160028EE1C /* FavouritesViewModel.swift */; };
		CFD8EF832C0363570028EE1C /* Favourites.swift in Sources */ = {isa = PBXBuildFile; fileRef = CFD8EF822C0363570028EE1C /* Favourites.swift */; };
		CFD8EF852C0379E60028EE1C /* FavouriteArticleView.swift in Sources */ = {isa = PBXBuildFile; fileRef = CFD8EF842C0379E60028EE1C /* FavouriteArticleView.swift */; };
		CFD8EF872C0389FB0028EE1C /* SignupView.swift in Sources */ = {isa = PBXBuildFile; fileRef = CFD8EF862C0389FB0028EE1C /* SignupView.swift */; };
		CFD8EF8E2C038AE30028EE1C /* String.swift in Sources */ = {isa = PBXBuildFile; fileRef = CFD8EF8D2C038AE30028EE1C /* String.swift */; };
/* End PBXBuildFile section */

/* Begin PBXContainerItemProxy section */
		CF20248F2C0205060079D690 /* PBXContainerItemProxy */ = {
			isa = PBXContainerItemProxy;
			containerPortal = CF2024762C0205050079D690 /* Project object */;
			proxyType = 1;
			remoteGlobalIDString = CF20247D2C0205050079D690;
			remoteInfo = NewsApp;
		};
		CF2024992C0205060079D690 /* PBXContainerItemProxy */ = {
			isa = PBXContainerItemProxy;
			containerPortal = CF2024762C0205050079D690 /* Project object */;
			proxyType = 1;
			remoteGlobalIDString = CF20247D2C0205050079D690;
			remoteInfo = NewsApp;
		};
/* End PBXContainerItemProxy section */

/* Begin PBXFileReference section */
		CF20247E2C0205050079D690 /* NewsApp.app */ = {isa = PBXFileReference; explicitFileType = wrapper.application; includeInIndex = 0; path = NewsApp.app; sourceTree = BUILT_PRODUCTS_DIR; };
		CF2024812C0205050079D690 /* NewsAppApp.swift */ = {isa = PBXFileReference; lastKnownFileType = sourcecode.swift; path = NewsAppApp.swift; sourceTree = "<group>"; };
		CF2024852C0205060079D690 /* Assets.xcassets */ = {isa = PBXFileReference; lastKnownFileType = folder.assetcatalog; path = Assets.xcassets; sourceTree = "<group>"; };
		CF2024882C0205060079D690 /* Preview Assets.xcassets */ = {isa = PBXFileReference; lastKnownFileType = folder.assetcatalog; path = "Preview Assets.xcassets"; sourceTree = "<group>"; };
		CF20248E2C0205060079D690 /* NewsAppTests.xctest */ = {isa = PBXFileReference; explicitFileType = wrapper.cfbundle; includeInIndex = 0; path = NewsAppTests.xctest; sourceTree = BUILT_PRODUCTS_DIR; };
		CF2024922C0205060079D690 /* NewsAppTests.swift */ = {isa = PBXFileReference; lastKnownFileType = sourcecode.swift; path = NewsAppTests.swift; sourceTree = "<group>"; };
		CF2024982C0205060079D690 /* NewsAppUITests.xctest */ = {isa = PBXFileReference; explicitFileType = wrapper.cfbundle; includeInIndex = 0; path = NewsAppUITests.xctest; sourceTree = BUILT_PRODUCTS_DIR; };
		CF20249C2C0205060079D690 /* NewsAppUITests.swift */ = {isa = PBXFileReference; lastKnownFileType = sourcecode.swift; path = NewsAppUITests.swift; sourceTree = "<group>"; };
		CF20249E2C0205060079D690 /* NewsAppUITestsLaunchTests.swift */ = {isa = PBXFileReference; lastKnownFileType = sourcecode.swift; path = NewsAppUITestsLaunchTests.swift; sourceTree = "<group>"; };
		CF2024AC2C0205870079D690 /* HomeView.swift */ = {isa = PBXFileReference; lastKnownFileType = sourcecode.swift; path = HomeView.swift; sourceTree = "<group>"; };
		CF2024AF2C0207AE0079D690 /* NewsResponse.swift */ = {isa = PBXFileReference; lastKnownFileType = sourcecode.swift; path = NewsResponse.swift; sourceTree = "<group>"; };
		CF2024B22C020C900079D690 /* NewsEndpoint.swift */ = {isa = PBXFileReference; lastKnownFileType = sourcecode.swift; path = NewsEndpoint.swift; sourceTree = "<group>"; };
		CF2024B52C020DFE0079D690 /* APIError.swift */ = {isa = PBXFileReference; lastKnownFileType = sourcecode.swift; path = APIError.swift; sourceTree = "<group>"; };
		CF2024B82C020F330079D690 /* NewsService.swift */ = {isa = PBXFileReference; lastKnownFileType = sourcecode.swift; path = NewsService.swift; sourceTree = "<group>"; };
		CF2024BB2C02189D0079D690 /* ResultState.swift */ = {isa = PBXFileReference; lastKnownFileType = sourcecode.swift; path = ResultState.swift; sourceTree = "<group>"; };
		CF2024BE2C02193B0079D690 /* NewsViewModel.swift */ = {isa = PBXFileReference; lastKnownFileType = sourcecode.swift; path = NewsViewModel.swift; sourceTree = "<group>"; };
		CF2024C52C021F990079D690 /* ArticleView.swift */ = {isa = PBXFileReference; lastKnownFileType = sourcecode.swift; path = ArticleView.swift; sourceTree = "<group>"; };
		CF552BF72C0396E200B309C0 /* User.swift */ = {isa = PBXFileReference; lastKnownFileType = sourcecode.swift; path = User.swift; sourceTree = "<group>"; };
		CF552BF92C03A1CA00B309C0 /* LoginView.swift */ = {isa = PBXFileReference; lastKnownFileType = sourcecode.swift; path = LoginView.swift; sourceTree = "<group>"; };
		CF552BFB2C03A1D800B309C0 /* AuthView.swift */ = {isa = PBXFileReference; lastKnownFileType = sourcecode.swift; path = AuthView.swift; sourceTree = "<group>"; };
		CFA8B0502C0254140040BCB8 /* ErrorView.swift */ = {isa = PBXFileReference; lastKnownFileType = sourcecode.swift; path = ErrorView.swift; sourceTree = "<group>"; };
		CFA8B0522C02551A0040BCB8 /* SettingsView.swift */ = {isa = PBXFileReference; lastKnownFileType = sourcecode.swift; path = SettingsView.swift; sourceTree = "<group>"; };
		CFA8B0542C02552F0040BCB8 /* FeedView.swift */ = {isa = PBXFileReference; lastKnownFileType = sourcecode.swift; path = FeedView.swift; sourceTree = "<group>"; };
		CFD05A8A2C027796003795CC /* Theme.swift */ = {isa = PBXFileReference; lastKnownFileType = sourcecode.swift; path = Theme.swift; sourceTree = "<group>"; };
		CFD05A8C2C027B85003795CC /* FavouritesView.swift */ = {isa = PBXFileReference; lastKnownFileType = sourcecode.swift; path = FavouritesView.swift; sourceTree = "<group>"; };
		CFD8EF7D2C0333E60028EE1C /* DBManager.swift */ = {isa = PBXFileReference; lastKnownFileType = sourcecode.swift; path = DBManager.swift; sourceTree = "<group>"; };
		CFD8EF802C0363160028EE1C /* FavouritesViewModel.swift */ = {isa = PBXFileReference; lastKnownFileType = sourcecode.swift; path = FavouritesViewModel.swift; sourceTree = "<group>"; };
		CFD8EF822C0363570028EE1C /* Favourites.swift */ = {isa = PBXFileReference; lastKnownFileType = sourcecode.swift; path = Favourites.swift; sourceTree = "<group>"; };
		CFD8EF842C0379E60028EE1C /* FavouriteArticleView.swift */ = {isa = PBXFileReference; lastKnownFileType = sourcecode.swift; path = FavouriteArticleView.swift; sourceTree = "<group>"; };
		CFD8EF862C0389FB0028EE1C /* SignupView.swift */ = {isa = PBXFileReference; lastKnownFileType = sourcecode.swift; path = SignupView.swift; sourceTree = "<group>"; };
		CFD8EF8D2C038AE30028EE1C /* String.swift */ = {isa = PBXFileReference; lastKnownFileType = sourcecode.swift; path = String.swift; sourceTree = "<group>"; };
/* End PBXFileReference section */

/* Begin PBXFrameworksBuildPhase section */
		CF20247B2C0205050079D690 /* Frameworks */ = {
			isa = PBXFrameworksBuildPhase;
			buildActionMask = 2147483647;
			files = (
				CF2024C42C021F790079D690 /* URLImageStore in Frameworks */,
				CF2024C22C021F790079D690 /* URLImage in Frameworks */,
			);
			runOnlyForDeploymentPostprocessing = 0;
		};
		CF20248B2C0205060079D690 /* Frameworks */ = {
			isa = PBXFrameworksBuildPhase;
			buildActionMask = 2147483647;
			files = (
			);
			runOnlyForDeploymentPostprocessing = 0;
		};
		CF2024952C0205060079D690 /* Frameworks */ = {
			isa = PBXFrameworksBuildPhase;
			buildActionMask = 2147483647;
			files = (
			);
			runOnlyForDeploymentPostprocessing = 0;
		};
/* End PBXFrameworksBuildPhase section */

/* Begin PBXGroup section */
		CF2024752C0205050079D690 = {
			isa = PBXGroup;
			children = (
				CF2024802C0205050079D690 /* NewsApp */,
				CF2024912C0205060079D690 /* NewsAppTests */,
				CF20249B2C0205060079D690 /* NewsAppUITests */,
				CF20247F2C0205050079D690 /* Products */,
			);
			sourceTree = "<group>";
		};
		CF20247F2C0205050079D690 /* Products */ = {
			isa = PBXGroup;
			children = (
				CF20247E2C0205050079D690 /* NewsApp.app */,
				CF20248E2C0205060079D690 /* NewsAppTests.xctest */,
				CF2024982C0205060079D690 /* NewsAppUITests.xctest */,
			);
			name = Products;
			sourceTree = "<group>";
		};
		CF2024802C0205050079D690 /* NewsApp */ = {
			isa = PBXGroup;
			children = (
				CFD8EF8C2C038AD80028EE1C /* Extensions */,
				CFD05A892C02778A003795CC /* Enum */,
				CFD05A852C02715D003795CC /* Theme */,
				CF2024BD2C0219230079D690 /* ViewModel */,
				CF2024BA2C02188C0079D690 /* States */,
				CF2024B72C020F280079D690 /* Service */,
				CF2024B42C020DED0079D690 /* Error */,
				CF2024B12C020C800079D690 /* Endpoint */,
				CF2024AE2C02079F0079D690 /* Model */,
				CF2024AB2C0205760079D690 /* Views */,
				CF2024812C0205050079D690 /* NewsAppApp.swift */,
				CF2024852C0205060079D690 /* Assets.xcassets */,
				CF2024872C0205060079D690 /* Preview Content */,
			);
			path = NewsApp;
			sourceTree = "<group>";
		};
		CF2024872C0205060079D690 /* Preview Content */ = {
			isa = PBXGroup;
			children = (
				CF2024882C0205060079D690 /* Preview Assets.xcassets */,
			);
			path = "Preview Content";
			sourceTree = "<group>";
		};
		CF2024912C0205060079D690 /* NewsAppTests */ = {
			isa = PBXGroup;
			children = (
				CF2024922C0205060079D690 /* NewsAppTests.swift */,
			);
			path = NewsAppTests;
			sourceTree = "<group>";
		};
		CF20249B2C0205060079D690 /* NewsAppUITests */ = {
			isa = PBXGroup;
			children = (
				CF20249C2C0205060079D690 /* NewsAppUITests.swift */,
				CF20249E2C0205060079D690 /* NewsAppUITestsLaunchTests.swift */,
			);
			path = NewsAppUITests;
			sourceTree = "<group>";
		};
		CF2024AB2C0205760079D690 /* Views */ = {
			isa = PBXGroup;
			children = (
				CF2024AC2C0205870079D690 /* HomeView.swift */,
				CF2024C52C021F990079D690 /* ArticleView.swift */,
				CFA8B0502C0254140040BCB8 /* ErrorView.swift */,
				CFA8B0522C02551A0040BCB8 /* SettingsView.swift */,
				CFA8B0542C02552F0040BCB8 /* FeedView.swift */,
				CFD05A8C2C027B85003795CC /* FavouritesView.swift */,
				CFD8EF842C0379E60028EE1C /* FavouriteArticleView.swift */,
				CFD8EF862C0389FB0028EE1C /* SignupView.swift */,
				CF552BF92C03A1CA00B309C0 /* LoginView.swift */,
				CF552BFB2C03A1D800B309C0 /* AuthView.swift */,
			);
			path = Views;
			sourceTree = "<group>";
		};
		CF2024AE2C02079F0079D690 /* Model */ = {
			isa = PBXGroup;
			children = (
				CF2024AF2C0207AE0079D690 /* NewsResponse.swift */,
				CFD8EF822C0363570028EE1C /* Favourites.swift */,
				CF552BF72C0396E200B309C0 /* User.swift */,
			);
			path = Model;
			sourceTree = "<group>";
		};
		CF2024B12C020C800079D690 /* Endpoint */ = {
			isa = PBXGroup;
			children = (
				CF2024B22C020C900079D690 /* NewsEndpoint.swift */,
			);
			path = Endpoint;
			sourceTree = "<group>";
		};
		CF2024B42C020DED0079D690 /* Error */ = {
			isa = PBXGroup;
			children = (
				CF2024B52C020DFE0079D690 /* APIError.swift */,
			);
			path = Error;
			sourceTree = "<group>";
		};
		CF2024B72C020F280079D690 /* Service */ = {
			isa = PBXGroup;
			children = (
				CF2024B82C020F330079D690 /* NewsService.swift */,
				CFD8EF7D2C0333E60028EE1C /* DBManager.swift */,
			);
			path = Service;
			sourceTree = "<group>";
		};
		CF2024BA2C02188C0079D690 /* States */ = {
			isa = PBXGroup;
			children = (
				CF2024BB2C02189D0079D690 /* ResultState.swift */,
			);
			path = States;
			sourceTree = "<group>";
		};
		CF2024BD2C0219230079D690 /* ViewModel */ = {
			isa = PBXGroup;
			children = (
				CF2024BE2C02193B0079D690 /* NewsViewModel.swift */,
				CFD8EF802C0363160028EE1C /* FavouritesViewModel.swift */,
			);
			path = ViewModel;
			sourceTree = "<group>";
		};
		CFD05A852C02715D003795CC /* Theme */ = {
			isa = PBXGroup;
			children = (
			);
			path = Theme;
			sourceTree = "<group>";
		};
		CFD05A892C02778A003795CC /* Enum */ = {
			isa = PBXGroup;
			children = (
				CFD05A8A2C027796003795CC /* Theme.swift */,
			);
			path = Enum;
			sourceTree = "<group>";
		};
		CFD8EF8C2C038AD80028EE1C /* Extensions */ = {
			isa = PBXGroup;
			children = (
				CFD8EF8D2C038AE30028EE1C /* String.swift */,
			);
			path = Extensions;
			sourceTree = "<group>";
		};
/* End PBXGroup section */

/* Begin PBXNativeTarget section */
		CF20247D2C0205050079D690 /* NewsApp */ = {
			isa = PBXNativeTarget;
			buildConfigurationList = CF2024A22C0205060079D690 /* Build configuration list for PBXNativeTarget "NewsApp" */;
			buildPhases = (
				CF20247A2C0205050079D690 /* Sources */,
				CF20247B2C0205050079D690 /* Frameworks */,
				CF20247C2C0205050079D690 /* Resources */,
			);
			buildRules = (
			);
			dependencies = (
			);
			name = NewsApp;
			packageProductDependencies = (
				CF2024C12C021F790079D690 /* URLImage */,
				CF2024C32C021F790079D690 /* URLImageStore */,
			);
			productName = NewsApp;
			productReference = CF20247E2C0205050079D690 /* NewsApp.app */;
			productType = "com.apple.product-type.application";
		};
		CF20248D2C0205060079D690 /* NewsAppTests */ = {
			isa = PBXNativeTarget;
			buildConfigurationList = CF2024A52C0205060079D690 /* Build configuration list for PBXNativeTarget "NewsAppTests" */;
			buildPhases = (
				CF20248A2C0205060079D690 /* Sources */,
				CF20248B2C0205060079D690 /* Frameworks */,
				CF20248C2C0205060079D690 /* Resources */,
			);
			buildRules = (
			);
			dependencies = (
				CF2024902C0205060079D690 /* PBXTargetDependency */,
			);
			name = NewsAppTests;
			productName = NewsAppTests;
			productReference = CF20248E2C0205060079D690 /* NewsAppTests.xctest */;
			productType = "com.apple.product-type.bundle.unit-test";
		};
		CF2024972C0205060079D690 /* NewsAppUITests */ = {
			isa = PBXNativeTarget;
			buildConfigurationList = CF2024A82C0205060079D690 /* Build configuration list for PBXNativeTarget "NewsAppUITests" */;
			buildPhases = (
				CF2024942C0205060079D690 /* Sources */,
				CF2024952C0205060079D690 /* Frameworks */,
				CF2024962C0205060079D690 /* Resources */,
			);
			buildRules = (
			);
			dependencies = (
				CF20249A2C0205060079D690 /* PBXTargetDependency */,
			);
			name = NewsAppUITests;
			productName = NewsAppUITests;
			productReference = CF2024982C0205060079D690 /* NewsAppUITests.xctest */;
			productType = "com.apple.product-type.bundle.ui-testing";
		};
/* End PBXNativeTarget section */

/* Begin PBXProject section */
		CF2024762C0205050079D690 /* Project object */ = {
			isa = PBXProject;
			attributes = {
				BuildIndependentTargetsInParallel = 1;
				LastSwiftUpdateCheck = 1530;
				LastUpgradeCheck = 1530;
				TargetAttributes = {
					CF20247D2C0205050079D690 = {
						CreatedOnToolsVersion = 15.3;
					};
					CF20248D2C0205060079D690 = {
						CreatedOnToolsVersion = 15.3;
						TestTargetID = CF20247D2C0205050079D690;
					};
					CF2024972C0205060079D690 = {
						CreatedOnToolsVersion = 15.3;
						TestTargetID = CF20247D2C0205050079D690;
					};
				};
			};
			buildConfigurationList = CF2024792C0205050079D690 /* Build configuration list for PBXProject "NewsApp" */;
			compatibilityVersion = "Xcode 14.0";
			developmentRegion = en;
			hasScannedForEncodings = 0;
			knownRegions = (
				en,
				Base,
			);
			mainGroup = CF2024752C0205050079D690;
			packageReferences = (
				CF2024C02C021F790079D690 /* XCRemoteSwiftPackageReference "url-image" */,
			);
			productRefGroup = CF20247F2C0205050079D690 /* Products */;
			projectDirPath = "";
			projectRoot = "";
			targets = (
				CF20247D2C0205050079D690 /* NewsApp */,
				CF20248D2C0205060079D690 /* NewsAppTests */,
				CF2024972C0205060079D690 /* NewsAppUITests */,
			);
		};
/* End PBXProject section */

/* Begin PBXResourcesBuildPhase section */
		CF20247C2C0205050079D690 /* Resources */ = {
			isa = PBXResourcesBuildPhase;
			buildActionMask = 2147483647;
			files = (
				CF2024892C0205060079D690 /* Preview Assets.xcassets in Resources */,
				CF2024862C0205060079D690 /* Assets.xcassets in Resources */,
			);
			runOnlyForDeploymentPostprocessing = 0;
		};
		CF20248C2C0205060079D690 /* Resources */ = {
			isa = PBXResourcesBuildPhase;
			buildActionMask = 2147483647;
			files = (
			);
			runOnlyForDeploymentPostprocessing = 0;
		};
		CF2024962C0205060079D690 /* Resources */ = {
			isa = PBXResourcesBuildPhase;
			buildActionMask = 2147483647;
			files = (
			);
			runOnlyForDeploymentPostprocessing = 0;
		};
/* End PBXResourcesBuildPhase section */

/* Begin PBXSourcesBuildPhase section */
		CF20247A2C0205050079D690 /* Sources */ = {
			isa = PBXSourcesBuildPhase;
			buildActionMask = 2147483647;
			files = (
				CFD8EF872C0389FB0028EE1C /* SignupView.swift in Sources */,
				CF2024BC2C02189D0079D690 /* ResultState.swift in Sources */,
				CF2024B92C020F330079D690 /* NewsService.swift in Sources */,
				CF2024AD2C0205870079D690 /* HomeView.swift in Sources */,
				CF2024822C0205050079D690 /* NewsAppApp.swift in Sources */,
				CFD05A8B2C027796003795CC /* Theme.swift in Sources */,
				CF552BFC2C03A1D800B309C0 /* AuthView.swift in Sources */,
				CFA8B0552C02552F0040BCB8 /* FeedView.swift in Sources */,
				CF2024B02C0207AE0079D690 /* NewsResponse.swift in Sources */,
				CF552BFA2C03A1CA00B309C0 /* LoginView.swift in Sources */,
				CFA8B0512C0254140040BCB8 /* ErrorView.swift in Sources */,
				CFD8EF812C0363160028EE1C /* FavouritesViewModel.swift in Sources */,
				CFD8EF832C0363570028EE1C /* Favourites.swift in Sources */,
				CF2024B62C020DFE0079D690 /* APIError.swift in Sources */,
				CFD8EF8E2C038AE30028EE1C /* String.swift in Sources */,
				CF2024B32C020C900079D690 /* NewsEndpoint.swift in Sources */,
				CFD8EF7E2C0333E60028EE1C /* DBManager.swift in Sources */,
				CF2024C62C021F990079D690 /* ArticleView.swift in Sources */,
				CF2024BF2C02193B0079D690 /* NewsViewModel.swift in Sources */,
				CFD8EF852C0379E60028EE1C /* FavouriteArticleView.swift in Sources */,
				CFD05A8D2C027B85003795CC /* FavouritesView.swift in Sources */,
				CFA8B0532C02551A0040BCB8 /* SettingsView.swift in Sources */,
				CF552BF82C0396E200B309C0 /* User.swift in Sources */,
			);
			runOnlyForDeploymentPostprocessing = 0;
		};
		CF20248A2C0205060079D690 /* Sources */ = {
			isa = PBXSourcesBuildPhase;
			buildActionMask = 2147483647;
			files = (
				CF2024932C0205060079D690 /* NewsAppTests.swift in Sources */,
			);
			runOnlyForDeploymentPostprocessing = 0;
		};
		CF2024942C0205060079D690 /* Sources */ = {
			isa = PBXSourcesBuildPhase;
			buildActionMask = 2147483647;
			files = (
				CF20249D2C0205060079D690 /* NewsAppUITests.swift in Sources */,
				CF20249F2C0205060079D690 /* NewsAppUITestsLaunchTests.swift in Sources */,
			);
			runOnlyForDeploymentPostprocessing = 0;
		};
/* End PBXSourcesBuildPhase section */

/* Begin PBXTargetDependency section */
		CF2024902C0205060079D690 /* PBXTargetDependency */ = {
			isa = PBXTargetDependency;
			target = CF20247D2C0205050079D690 /* NewsApp */;
			targetProxy = CF20248F2C0205060079D690 /* PBXContainerItemProxy */;
		};
		CF20249A2C0205060079D690 /* PBXTargetDependency */ = {
			isa = PBXTargetDependency;
			target = CF20247D2C0205050079D690 /* NewsApp */;
			targetProxy = CF2024992C0205060079D690 /* PBXContainerItemProxy */;
		};
/* End PBXTargetDependency section */

/* Begin XCBuildConfiguration section */
		CF2024A02C0205060079D690 /* Debug */ = {
			isa = XCBuildConfiguration;
			buildSettings = {
				ALWAYS_SEARCH_USER_PATHS = NO;
				ASSETCATALOG_COMPILER_GENERATE_SWIFT_ASSET_SYMBOL_EXTENSIONS = YES;
				CLANG_ANALYZER_NONNULL = YES;
				CLANG_ANALYZER_NUMBER_OBJECT_CONVERSION = YES_AGGRESSIVE;
				CLANG_CXX_LANGUAGE_STANDARD = "gnu++20";
				CLANG_ENABLE_MODULES = YES;
				CLANG_ENABLE_OBJC_ARC = YES;
				CLANG_ENABLE_OBJC_WEAK = YES;
				CLANG_WARN_BLOCK_CAPTURE_AUTORELEASING = YES;
				CLANG_WARN_BOOL_CONVERSION = YES;
				CLANG_WARN_COMMA = YES;
				CLANG_WARN_CONSTANT_CONVERSION = YES;
				CLANG_WARN_DEPRECATED_OBJC_IMPLEMENTATIONS = YES;
				CLANG_WARN_DIRECT_OBJC_ISA_USAGE = YES_ERROR;
				CLANG_WARN_DOCUMENTATION_COMMENTS = YES;
				CLANG_WARN_EMPTY_BODY = YES;
				CLANG_WARN_ENUM_CONVERSION = YES;
				CLANG_WARN_INFINITE_RECURSION = YES;
				CLANG_WARN_INT_CONVERSION = YES;
				CLANG_WARN_NON_LITERAL_NULL_CONVERSION = YES;
				CLANG_WARN_OBJC_IMPLICIT_RETAIN_SELF = YES;
				CLANG_WARN_OBJC_LITERAL_CONVERSION = YES;
				CLANG_WARN_OBJC_ROOT_CLASS = YES_ERROR;
				CLANG_WARN_QUOTED_INCLUDE_IN_FRAMEWORK_HEADER = YES;
				CLANG_WARN_RANGE_LOOP_ANALYSIS = YES;
				CLANG_WARN_STRICT_PROTOTYPES = YES;
				CLANG_WARN_SUSPICIOUS_MOVE = YES;
				CLANG_WARN_UNGUARDED_AVAILABILITY = YES_AGGRESSIVE;
				CLANG_WARN_UNREACHABLE_CODE = YES;
				CLANG_WARN__DUPLICATE_METHOD_MATCH = YES;
				COPY_PHASE_STRIP = NO;
				DEBUG_INFORMATION_FORMAT = dwarf;
				ENABLE_STRICT_OBJC_MSGSEND = YES;
				ENABLE_TESTABILITY = YES;
				ENABLE_USER_SCRIPT_SANDBOXING = YES;
				GCC_C_LANGUAGE_STANDARD = gnu17;
				GCC_DYNAMIC_NO_PIC = NO;
				GCC_NO_COMMON_BLOCKS = YES;
				GCC_OPTIMIZATION_LEVEL = 0;
				GCC_PREPROCESSOR_DEFINITIONS = (
					"DEBUG=1",
					"$(inherited)",
				);
				GCC_WARN_64_TO_32_BIT_CONVERSION = YES;
				GCC_WARN_ABOUT_RETURN_TYPE = YES_ERROR;
				GCC_WARN_UNDECLARED_SELECTOR = YES;
				GCC_WARN_UNINITIALIZED_AUTOS = YES_AGGRESSIVE;
				GCC_WARN_UNUSED_FUNCTION = YES;
				GCC_WARN_UNUSED_VARIABLE = YES;
				IPHONEOS_DEPLOYMENT_TARGET = 17.4;
				LOCALIZATION_PREFERS_STRING_CATALOGS = YES;
				MTL_ENABLE_DEBUG_INFO = INCLUDE_SOURCE;
				MTL_FAST_MATH = YES;
				ONLY_ACTIVE_ARCH = YES;
				SDKROOT = iphoneos;
				SWIFT_ACTIVE_COMPILATION_CONDITIONS = "DEBUG $(inherited)";
				SWIFT_OPTIMIZATION_LEVEL = "-Onone";
			};
			name = Debug;
		};
		CF2024A12C0205060079D690 /* Release */ = {
			isa = XCBuildConfiguration;
			buildSettings = {
				ALWAYS_SEARCH_USER_PATHS = NO;
				ASSETCATALOG_COMPILER_GENERATE_SWIFT_ASSET_SYMBOL_EXTENSIONS = YES;
				CLANG_ANALYZER_NONNULL = YES;
				CLANG_ANALYZER_NUMBER_OBJECT_CONVERSION = YES_AGGRESSIVE;
				CLANG_CXX_LANGUAGE_STANDARD = "gnu++20";
				CLANG_ENABLE_MODULES = YES;
				CLANG_ENABLE_OBJC_ARC = YES;
				CLANG_ENABLE_OBJC_WEAK = YES;
				CLANG_WARN_BLOCK_CAPTURE_AUTORELEASING = YES;
				CLANG_WARN_BOOL_CONVERSION = YES;
				CLANG_WARN_COMMA = YES;
				CLANG_WARN_CONSTANT_CONVERSION = YES;
				CLANG_WARN_DEPRECATED_OBJC_IMPLEMENTATIONS = YES;
				CLANG_WARN_DIRECT_OBJC_ISA_USAGE = YES_ERROR;
				CLANG_WARN_DOCUMENTATION_COMMENTS = YES;
				CLANG_WARN_EMPTY_BODY = YES;
				CLANG_WARN_ENUM_CONVERSION = YES;
				CLANG_WARN_INFINITE_RECURSION = YES;
				CLANG_WARN_INT_CONVERSION = YES;
				CLANG_WARN_NON_LITERAL_NULL_CONVERSION = YES;
				CLANG_WARN_OBJC_IMPLICIT_RETAIN_SELF = YES;
				CLANG_WARN_OBJC_LITERAL_CONVERSION = YES;
				CLANG_WARN_OBJC_ROOT_CLASS = YES_ERROR;
				CLANG_WARN_QUOTED_INCLUDE_IN_FRAMEWORK_HEADER = YES;
				CLANG_WARN_RANGE_LOOP_ANALYSIS = YES;
				CLANG_WARN_STRICT_PROTOTYPES = YES;
				CLANG_WARN_SUSPICIOUS_MOVE = YES;
				CLANG_WARN_UNGUARDED_AVAILABILITY = YES_AGGRESSIVE;
				CLANG_WARN_UNREACHABLE_CODE = YES;
				CLANG_WARN__DUPLICATE_METHOD_MATCH = YES;
				COPY_PHASE_STRIP = NO;
				DEBUG_INFORMATION_FORMAT = "dwarf-with-dsym";
				ENABLE_NS_ASSERTIONS = NO;
				ENABLE_STRICT_OBJC_MSGSEND = YES;
				ENABLE_USER_SCRIPT_SANDBOXING = YES;
				GCC_C_LANGUAGE_STANDARD = gnu17;
				GCC_NO_COMMON_BLOCKS = YES;
				GCC_WARN_64_TO_32_BIT_CONVERSION = YES;
				GCC_WARN_ABOUT_RETURN_TYPE = YES_ERROR;
				GCC_WARN_UNDECLARED_SELECTOR = YES;
				GCC_WARN_UNINITIALIZED_AUTOS = YES_AGGRESSIVE;
				GCC_WARN_UNUSED_FUNCTION = YES;
				GCC_WARN_UNUSED_VARIABLE = YES;
				IPHONEOS_DEPLOYMENT_TARGET = 17.4;
				LOCALIZATION_PREFERS_STRING_CATALOGS = YES;
				MTL_ENABLE_DEBUG_INFO = NO;
				MTL_FAST_MATH = YES;
				SDKROOT = iphoneos;
				SWIFT_COMPILATION_MODE = wholemodule;
				VALIDATE_PRODUCT = YES;
			};
			name = Release;
		};
		CF2024A32C0205060079D690 /* Debug */ = {
			isa = XCBuildConfiguration;
			buildSettings = {
				ASSETCATALOG_COMPILER_APPICON_NAME = AppIcon;
				ASSETCATALOG_COMPILER_GLOBAL_ACCENT_COLOR_NAME = AccentColor;
				CODE_SIGN_STYLE = Automatic;
				CURRENT_PROJECT_VERSION = 1;
				DEVELOPMENT_ASSET_PATHS = "\"NewsApp/Preview Content\"";
				DEVELOPMENT_TEAM = CB957JLQZ7;
				ENABLE_PREVIEWS = YES;
				GENERATE_INFOPLIST_FILE = YES;
				INFOPLIST_KEY_UIApplicationSceneManifest_Generation = YES;
				INFOPLIST_KEY_UIApplicationSupportsIndirectInputEvents = YES;
				INFOPLIST_KEY_UILaunchScreen_Generation = YES;
				INFOPLIST_KEY_UISupportedInterfaceOrientations_iPad = "UIInterfaceOrientationPortrait UIInterfaceOrientationPortraitUpsideDown UIInterfaceOrientationLandscapeLeft UIInterfaceOrientationLandscapeRight";
				INFOPLIST_KEY_UISupportedInterfaceOrientations_iPhone = "UIInterfaceOrientationPortrait UIInterfaceOrientationLandscapeLeft UIInterfaceOrientationLandscapeRight";
				LD_RUNPATH_SEARCH_PATHS = (
					"$(inherited)",
					"@executable_path/Frameworks",
				);
				MARKETING_VERSION = 1.0;
				PRODUCT_BUNDLE_IDENTIFIER = aarijimam.NewsApp;
				PRODUCT_NAME = "$(TARGET_NAME)";
				SWIFT_EMIT_LOC_STRINGS = YES;
				SWIFT_VERSION = 5.0;
				TARGETED_DEVICE_FAMILY = "1,2";
			};
			name = Debug;
		};
		CF2024A42C0205060079D690 /* Release */ = {
			isa = XCBuildConfiguration;
			buildSettings = {
				ASSETCATALOG_COMPILER_APPICON_NAME = AppIcon;
				ASSETCATALOG_COMPILER_GLOBAL_ACCENT_COLOR_NAME = AccentColor;
				CODE_SIGN_STYLE = Automatic;
				CURRENT_PROJECT_VERSION = 1;
				DEVELOPMENT_ASSET_PATHS = "\"NewsApp/Preview Content\"";
				DEVELOPMENT_TEAM = CB957JLQZ7;
				ENABLE_PREVIEWS = YES;
				GENERATE_INFOPLIST_FILE = YES;
				INFOPLIST_KEY_UIApplicationSceneManifest_Generation = YES;
				INFOPLIST_KEY_UIApplicationSupportsIndirectInputEvents = YES;
				INFOPLIST_KEY_UILaunchScreen_Generation = YES;
				INFOPLIST_KEY_UISupportedInterfaceOrientations_iPad = "UIInterfaceOrientationPortrait UIInterfaceOrientationPortraitUpsideDown UIInterfaceOrientationLandscapeLeft UIInterfaceOrientationLandscapeRight";
				INFOPLIST_KEY_UISupportedInterfaceOrientations_iPhone = "UIInterfaceOrientationPortrait UIInterfaceOrientationLandscapeLeft UIInterfaceOrientationLandscapeRight";
				LD_RUNPATH_SEARCH_PATHS = (
					"$(inherited)",
					"@executable_path/Frameworks",
				);
				MARKETING_VERSION = 1.0;
				PRODUCT_BUNDLE_IDENTIFIER = aarijimam.NewsApp;
				PRODUCT_NAME = "$(TARGET_NAME)";
				SWIFT_EMIT_LOC_STRINGS = YES;
				SWIFT_VERSION = 5.0;
				TARGETED_DEVICE_FAMILY = "1,2";
			};
			name = Release;
		};
		CF2024A62C0205060079D690 /* Debug */ = {
			isa = XCBuildConfiguration;
			buildSettings = {
				ALWAYS_EMBED_SWIFT_STANDARD_LIBRARIES = YES;
				BUNDLE_LOADER = "$(TEST_HOST)";
				CODE_SIGN_STYLE = Automatic;
				CURRENT_PROJECT_VERSION = 1;
				DEVELOPMENT_TEAM = CB957JLQZ7;
				GENERATE_INFOPLIST_FILE = YES;
				IPHONEOS_DEPLOYMENT_TARGET = 17.4;
				MARKETING_VERSION = 1.0;
				PRODUCT_BUNDLE_IDENTIFIER = aarijimam.NewsAppTests;
				PRODUCT_NAME = "$(TARGET_NAME)";
				SWIFT_EMIT_LOC_STRINGS = NO;
				SWIFT_VERSION = 5.0;
				TARGETED_DEVICE_FAMILY = "1,2";
				TEST_HOST = "$(BUILT_PRODUCTS_DIR)/NewsApp.app/$(BUNDLE_EXECUTABLE_FOLDER_PATH)/NewsApp";
			};
			name = Debug;
		};
		CF2024A72C0205060079D690 /* Release */ = {
			isa = XCBuildConfiguration;
			buildSettings = {
				ALWAYS_EMBED_SWIFT_STANDARD_LIBRARIES = YES;
				BUNDLE_LOADER = "$(TEST_HOST)";
				CODE_SIGN_STYLE = Automatic;
				CURRENT_PROJECT_VERSION = 1;
				DEVELOPMENT_TEAM = CB957JLQZ7;
				GENERATE_INFOPLIST_FILE = YES;
				IPHONEOS_DEPLOYMENT_TARGET = 17.4;
				MARKETING_VERSION = 1.0;
				PRODUCT_BUNDLE_IDENTIFIER = aarijimam.NewsAppTests;
				PRODUCT_NAME = "$(TARGET_NAME)";
				SWIFT_EMIT_LOC_STRINGS = NO;
				SWIFT_VERSION = 5.0;
				TARGETED_DEVICE_FAMILY = "1,2";
				TEST_HOST = "$(BUILT_PRODUCTS_DIR)/NewsApp.app/$(BUNDLE_EXECUTABLE_FOLDER_PATH)/NewsApp";
			};
			name = Release;
		};
		CF2024A92C0205060079D690 /* Debug */ = {
			isa = XCBuildConfiguration;
			buildSettings = {
				ALWAYS_EMBED_SWIFT_STANDARD_LIBRARIES = YES;
				CODE_SIGN_STYLE = Automatic;
				CURRENT_PROJECT_VERSION = 1;
				DEVELOPMENT_TEAM = CB957JLQZ7;
				GENERATE_INFOPLIST_FILE = YES;
				MARKETING_VERSION = 1.0;
				PRODUCT_BUNDLE_IDENTIFIER = aarijimam.NewsAppUITests;
				PRODUCT_NAME = "$(TARGET_NAME)";
				SWIFT_EMIT_LOC_STRINGS = NO;
				SWIFT_VERSION = 5.0;
				TARGETED_DEVICE_FAMILY = "1,2";
				TEST_TARGET_NAME = NewsApp;
			};
			name = Debug;
		};
		CF2024AA2C0205060079D690 /* Release */ = {
			isa = XCBuildConfiguration;
			buildSettings = {
				ALWAYS_EMBED_SWIFT_STANDARD_LIBRARIES = YES;
				CODE_SIGN_STYLE = Automatic;
				CURRENT_PROJECT_VERSION = 1;
				DEVELOPMENT_TEAM = CB957JLQZ7;
				GENERATE_INFOPLIST_FILE = YES;
				MARKETING_VERSION = 1.0;
				PRODUCT_BUNDLE_IDENTIFIER = aarijimam.NewsAppUITests;
				PRODUCT_NAME = "$(TARGET_NAME)";
				SWIFT_EMIT_LOC_STRINGS = NO;
				SWIFT_VERSION = 5.0;
				TARGETED_DEVICE_FAMILY = "1,2";
				TEST_TARGET_NAME = NewsApp;
			};
			name = Release;
		};
/* End XCBuildConfiguration section */

/* Begin XCConfigurationList section */
		CF2024792C0205050079D690 /* Build configuration list for PBXProject "NewsApp" */ = {
			isa = XCConfigurationList;
			buildConfigurations = (
				CF2024A02C0205060079D690 /* Debug */,
				CF2024A12C0205060079D690 /* Release */,
			);
			defaultConfigurationIsVisible = 0;
			defaultConfigurationName = Release;
		};
		CF2024A22C0205060079D690 /* Build configuration list for PBXNativeTarget "NewsApp" */ = {
			isa = XCConfigurationList;
			buildConfigurations = (
				CF2024A32C0205060079D690 /* Debug */,
				CF2024A42C0205060079D690 /* Release */,
			);
			defaultConfigurationIsVisible = 0;
			defaultConfigurationName = Release;
		};
		CF2024A52C0205060079D690 /* Build configuration list for PBXNativeTarget "NewsAppTests" */ = {
			isa = XCConfigurationList;
			buildConfigurations = (
				CF2024A62C0205060079D690 /* Debug */,
				CF2024A72C0205060079D690 /* Release */,
			);
			defaultConfigurationIsVisible = 0;
			defaultConfigurationName = Release;
		};
		CF2024A82C0205060079D690 /* Build configuration list for PBXNativeTarget "NewsAppUITests" */ = {
			isa = XCConfigurationList;
			buildConfigurations = (
				CF2024A92C0205060079D690 /* Debug */,
				CF2024AA2C0205060079D690 /* Release */,
			);
			defaultConfigurationIsVisible = 0;
			defaultConfigurationName = Release;
		};
/* End XCConfigurationList section */

/* Begin XCRemoteSwiftPackageReference section */
		CF2024C02C021F790079D690 /* XCRemoteSwiftPackageReference "url-image" */ = {
			isa = XCRemoteSwiftPackageReference;
			repositoryURL = "https://github.com/dmytro-anokhin/url-image";
			requirement = {
				kind = upToNextMajorVersion;
				minimumVersion = 3.1.1;
			};
		};
/* End XCRemoteSwiftPackageReference section */

/* Begin XCSwiftPackageProductDependency section */
		CF2024C12C021F790079D690 /* URLImage */ = {
			isa = XCSwiftPackageProductDependency;
			package = CF2024C02C021F790079D690 /* XCRemoteSwiftPackageReference "url-image" */;
			productName = URLImage;
		};
		CF2024C32C021F790079D690 /* URLImageStore */ = {
			isa = XCSwiftPackageProductDependency;
			package = CF2024C02C021F790079D690 /* XCRemoteSwiftPackageReference "url-image" */;
			productName = URLImageStore;
		};
/* End XCSwiftPackageProductDependency section */
	};
	rootObject = CF2024762C0205050079D690 /* Project object */;
}
